
Microsoft Visual Studio Solution File, Format Version 12.00
Project("{FAE04EC0-301F-11D3-BF4B-00C04F79EFBC}") = "Drdit.Html", "Drdit.Html\Drdit.Html.csproj", "{EC4C9403-824B-4C5B-B5CE-F4AD3B1180AE}"
EndProject
Project("{FAE04EC0-301F-11D3-BF4B-00C04F79EFBC}") = "Drdit.Html.Example", "Drdit.Html.Example\Drdit.Html.Example.csproj", "{95C87CFB-AF26-4F14-8AA5-2D157F672F21}"
EndProject
Global
	GlobalSection(SolutionConfigurationPlatforms) = preSolution
		Debug|Any CPU = Debug|Any CPU
		Release|Any CPU = Release|Any CPU
	EndGlobalSection
	GlobalSection(ProjectConfigurationPlatforms) = postSolution
		{EC4C9403-824B-4C5B-B5CE-F4AD3B1180AE}.Debug|Any CPU.ActiveCfg = Debug|Any CPU
		{EC4C9403-824B-4C5B-B5CE-F4AD3B1180AE}.Debug|Any CPU.Build.0 = Debug|Any CPU
		{EC4C9403-824B-4C5B-B5CE-F4AD3B1180AE}.Release|Any CPU.ActiveCfg = Release|Any CPU
		{EC4C9403-824B-4C5B-B5CE-F4AD3B1180AE}.Release|Any CPU.Build.0 = Release|Any CPU
		{95C87CFB-AF26-4F14-8AA5-2D157F672F21}.Debug|Any CPU.ActiveCfg = Debug|Any CPU
		{95C87CFB-AF26-4F14-8AA5-2D157F672F21}.Debug|Any CPU.Build.0 = Debug|Any CPU
		{95C87CFB-AF26-4F14-8AA5-2D157F672F21}.Release|Any CPU.ActiveCfg = Release|Any CPU
		{95C87CFB-AF26-4F14-8AA5-2D157F672F21}.Release|Any CPU.Build.0 = Release|Any CPU
	EndGlobalSection
EndGlobal
